
Microsoft Visual Studio Solution File, Format Version 12.00
# Visual Studio Version 17
VisualStudioVersion = 17.14.36429.23 d17.14
MinimumVisualStudioVersion = 10.0.40219.1
Project("{FAE04EC0-301F-11D3-BF4B-00C04F79EFBC}") = "mantel_coding_exercise", "mantel_coding_exercise.csproj", "{F5F9F078-3837-46BB-873B-0205A954CD3E}"
EndProject
Global
	GlobalSection(SolutionConfigurationPlatforms) = preSolution
		Debug|Any CPU = Debug|Any CPU
		Release|Any CPU = Release|Any CPU
	EndGlobalSection
	GlobalSection(ProjectConfigurationPlatforms) = postSolution
		{F5F9F078-3837-46BB-873B-0205A954CD3E}.Debug|Any CPU.ActiveCfg = Debug|Any CPU
		{F5F9F078-3837-46BB-873B-0205A954CD3E}.Debug|Any CPU.Build.0 = Debug|Any CPU
		{F5F9F078-3837-46BB-873B-0205A954CD3E}.Release|Any CPU.ActiveCfg = Release|Any CPU
		{F5F9F078-3837-46BB-873B-0205A954CD3E}.Release|Any CPU.Build.0 = Release|Any CPU
	EndGlobalSection
	GlobalSection(SolutionProperties) = preSolution
		HideSolutionNode = FALSE
	EndGlobalSection
	GlobalSection(ExtensibilityGlobals) = postSolution
		SolutionGuid = {1290EE26-0C83-40DC-9572-19E29DA67462}
	EndGlobalSection
EndGlobal
